// !$*UTF8*$!
{
	archiveVersion = 1;
	classes = {
	};
	objectVersion = 46;
	objects = {

/* Begin PBXBuildFile section */
		8C14A93D1DB38637004075F3 /* PersonsViewController.m in Sources */ = {isa = PBXBuildFile; fileRef = 8C14A93C1DB38637004075F3 /* PersonsViewController.m */; };
		8C14A9401DB396CE004075F3 /* FavoriteColor.m in Sources */ = {isa = PBXBuildFile; fileRef = 8C14A93F1DB396CE004075F3 /* FavoriteColor.m */; };
		8C14A9431DB39A64004075F3 /* ColorViewController.m in Sources */ = {isa = PBXBuildFile; fileRef = 8C14A9421DB39A64004075F3 /* ColorViewController.m */; };
		8C509E8E1DB3605900A0BD21 /* main.m in Sources */ = {isa = PBXBuildFile; fileRef = 8C509E8D1DB3605900A0BD21 /* main.m */; };
		8C509E911DB3605900A0BD21 /* AppDelegate.m in Sources */ = {isa = PBXBuildFile; fileRef = 8C509E901DB3605900A0BD21 /* AppDelegate.m */; };
		8C509E971DB3605900A0BD21 /* Main.storyboard in Resources */ = {isa = PBXBuildFile; fileRef = 8C509E951DB3605900A0BD21 /* Main.storyboard */; };
		8C509E991DB3605900A0BD21 /* Assets.xcassets in Resources */ = {isa = PBXBuildFile; fileRef = 8C509E981DB3605900A0BD21 /* Assets.xcassets */; };
		8C509E9C1DB3605900A0BD21 /* LaunchScreen.storyboard in Resources */ = {isa = PBXBuildFile; fileRef = 8C509E9A1DB3605900A0BD21 /* LaunchScreen.storyboard */; };
/* End PBXBuildFile section */

/* Begin PBXFileReference section */
		8C14A93B1DB38637004075F3 /* PersonsViewController.h */ = {isa = PBXFileReference; fileEncoding = 4; lastKnownFileType = sourcecode.c.h; path = PersonsViewController.h; sourceTree = "<group>"; };
		8C14A93C1DB38637004075F3 /* PersonsViewController.m */ = {isa = PBXFileReference; fileEncoding = 4; lastKnownFileType = sourcecode.c.objc; path = PersonsViewController.m; sourceTree = "<group>"; };
		8C14A93E1DB396CE004075F3 /* FavoriteColor.h */ = {isa = PBXFileReference; fileEncoding = 4; lastKnownFileType = sourcecode.c.h; path = FavoriteColor.h; sourceTree = "<group>"; };
		8C14A93F1DB396CE004075F3 /* FavoriteColor.m */ = {isa = PBXFileReference; fileEncoding = 4; lastKnownFileType = sourcecode.c.objc; path = FavoriteColor.m; sourceTree = "<group>"; };
		8C14A9411DB39A64004075F3 /* ColorViewController.h */ = {isa = PBXFileReference; fileEncoding = 4; lastKnownFileType = sourcecode.c.h; path = ColorViewController.h; sourceTree = "<group>"; };
		8C14A9421DB39A64004075F3 /* ColorViewController.m */ = {isa = PBXFileReference; fileEncoding = 4; lastKnownFileType = sourcecode.c.objc; path = ColorViewController.m; sourceTree = "<group>"; };
		8C509E891DB3605900A0BD21 /* My Favorite Color.app */ = {isa = PBXFileReference; explicitFileType = wrapper.application; includeInIndex = 0; path = "My Favorite Color.app"; sourceTree = BUILT_PRODUCTS_DIR; };
		8C509E8D1DB3605900A0BD21 /* main.m */ = {isa = PBXFileReference; lastKnownFileType = sourcecode.c.objc; path = main.m; sourceTree = "<group>"; };
		8C509E8F1DB3605900A0BD21 /* AppDelegate.h */ = {isa = PBXFileReference; lastKnownFileType = sourcecode.c.h; path = AppDelegate.h; sourceTree = "<group>"; };
		8C509E901DB3605900A0BD21 /* AppDelegate.m */ = {isa = PBXFileReference; lastKnownFileType = sourcecode.c.objc; path = AppDelegate.m; sourceTree = "<group>"; };
		8C509E961DB3605900A0BD21 /* Base */ = {isa = PBXFileReference; lastKnownFileType = file.storyboard; name = Base; path = Base.lproj/Main.storyboard; sourceTree = "<group>"; };
		8C509E981DB3605900A0BD21 /* Assets.xcassets */ = {isa = PBXFileReference; lastKnownFileType = folder.assetcatalog; path = Assets.xcassets; sourceTree = "<group>"; };
		8C509E9B1DB3605900A0BD21 /* Base */ = {isa = PBXFileReference; lastKnownFileType = file.storyboard; name = Base; path = Base.lproj/LaunchScreen.storyboard; sourceTree = "<group>"; };
		8C509E9D1DB3605900A0BD21 /* Info.plist */ = {isa = PBXFileReference; lastKnownFileType = text.plist.xml; path = Info.plist; sourceTree = "<group>"; };
/* End PBXFileReference section */

/* Begin PBXFrameworksBuildPhase section */
		8C509E861DB3605900A0BD21 /* Frameworks */ = {
			isa = PBXFrameworksBuildPhase;
			buildActionMask = 2147483647;
			files = (
			);
			runOnlyForDeploymentPostprocessing = 0;
		};
/* End PBXFrameworksBuildPhase section */

/* Begin PBXGroup section */
		8C509E801DB3605900A0BD21 = {
			isa = PBXGroup;
			children = (
				8C509E8B1DB3605900A0BD21 /* My Favorite Color */,
				8C509E8A1DB3605900A0BD21 /* Products */,
			);
			sourceTree = "<group>";
		};
		8C509E8A1DB3605900A0BD21 /* Products */ = {
			isa = PBXGroup;
			children = (
				8C509E891DB3605900A0BD21 /* My Favorite Color.app */,
			);
			name = Products;
			sourceTree = "<group>";
		};
		8C509E8B1DB3605900A0BD21 /* My Favorite Color */ = {
			isa = PBXGroup;
			children = (
				8C14A93E1DB396CE004075F3 /* FavoriteColor.h */,
				8C14A93F1DB396CE004075F3 /* FavoriteColor.m */,
				8C14A93B1DB38637004075F3 /* PersonsViewController.h */,
				8C14A93C1DB38637004075F3 /* PersonsViewController.m */,
				8C14A9411DB39A64004075F3 /* ColorViewController.h */,
				8C14A9421DB39A64004075F3 /* ColorViewController.m */,
				8C509E951DB3605900A0BD21 /* Main.storyboard */,
				8C509E8C1DB3605900A0BD21 /* Supporting Files */,
			);
			path = "My Favorite Color";
			sourceTree = "<group>";
		};
		8C509E8C1DB3605900A0BD21 /* Supporting Files */ = {
			isa = PBXGroup;
			children = (
				8C509E8F1DB3605900A0BD21 /* AppDelegate.h */,
				8C509E901DB3605900A0BD21 /* AppDelegate.m */,
				8C509E981DB3605900A0BD21 /* Assets.xcassets */,
				8C509E9A1DB3605900A0BD21 /* LaunchScreen.storyboard */,
				8C509E9D1DB3605900A0BD21 /* Info.plist */,
				8C509E8D1DB3605900A0BD21 /* main.m */,
			);
			name = "Supporting Files";
			sourceTree = "<group>";
		};
/* End PBXGroup section */

/* Begin PBXNativeTarget section */
		8C509E881DB3605900A0BD21 /* My Favorite Color */ = {
			isa = PBXNativeTarget;
			buildConfigurationList = 8C509EA01DB3605900A0BD21 /* Build configuration list for PBXNativeTarget "My Favorite Color" */;
			buildPhases = (
				8C509E851DB3605900A0BD21 /* Sources */,
				8C509E861DB3605900A0BD21 /* Frameworks */,
				8C509E871DB3605900A0BD21 /* Resources */,
			);
			buildRules = (
			);
			dependencies = (
			);
			name = "My Favorite Color";
			productName = "My Favorite Color";
			productReference = 8C509E891DB3605900A0BD21 /* My Favorite Color.app */;
			productType = "com.apple.product-type.application";
		};
/* End PBXNativeTarget section */

/* Begin PBXProject section */
		8C509E811DB3605900A0BD21 /* Project object */ = {
			isa = PBXProject;
			attributes = {
				LastUpgradeCheck = 0810;
				ORGANIZATIONNAME = "Sabbir Ahmed";
				TargetAttributes = {
					8C509E881DB3605900A0BD21 = {
						CreatedOnToolsVersion = 8.1;
						ProvisioningStyle = Automatic;
					};
				};
			};
			buildConfigurationList = 8C509E841DB3605900A0BD21 /* Build configuration list for PBXProject "My Favorite Color" */;
			compatibilityVersion = "Xcode 3.2";
			developmentRegion = English;
			hasScannedForEncodings = 0;
			knownRegions = (
				en,
				Base,
			);
			mainGroup = 8C509E801DB3605900A0BD21;
			productRefGroup = 8C509E8A1DB3605900A0BD21 /* Products */;
			projectDirPath = "";
			projectRoot = "";
			targets = (
				8C509E881DB3605900A0BD21 /* My Favorite Color */,
			);
		};
/* End PBXProject section */

/* Begin PBXResourcesBuildPhase section */
		8C509E871DB3605900A0BD21 /* Resources */ = {
			isa = PBXResourcesBuildPhase;
			buildActionMask = 2147483647;
			files = (
				8C509E9C1DB3605900A0BD21 /* LaunchScreen.storyboard in Resources */,
				8C509E991DB3605900A0BD21 /* Assets.xcassets in Resources */,
				8C509E971DB3605900A0BD21 /* Main.storyboard in Resources */,
			);
			runOnlyForDeploymentPostprocessing = 0;
		};
/* End PBXResourcesBuildPhase section */

/* Begin PBXSourcesBuildPhase section */
		8C509E851DB3605900A0BD21 /* Sources */ = {
			isa = PBXSourcesBuildPhase;
			buildActionMask = 2147483647;
			files = (
				8C14A93D1DB38637004075F3 /* PersonsViewController.m in Sources */,
				8C14A9431DB39A64004075F3 /* ColorViewController.m in Sources */,
				8C14A9401DB396CE004075F3 /* FavoriteColor.m in Sources */,
				8C509E911DB3605900A0BD21 /* AppDelegate.m in Sources */,
				8C509E8E1DB3605900A0BD21 /* main.m in Sources */,
			);
			runOnlyForDeploymentPostprocessing = 0;
		};
/* End PBXSourcesBuildPhase section */

/* Begin PBXVariantGroup section */
		8C509E951DB3605900A0BD21 /* Main.storyboard */ = {
			isa = PBXVariantGroup;
			children = (
				8C509E961DB3605900A0BD21 /* Base */,
			);
			name = Main.storyboard;
			sourceTree = "<group>";
		};
		8C509E9A1DB3605900A0BD21 /* LaunchScreen.storyboard */ = {
			isa = PBXVariantGroup;
			children = (
				8C509E9B1DB3605900A0BD21 /* Base */,
			);
			name = LaunchScreen.storyboard;
			sourceTree = "<group>";
		};
/* End PBXVariantGroup section */

/* Begin XCBuildConfiguration section */
		8C509E9E1DB3605900A0BD21 /* Debug */ = {
			isa = XCBuildConfiguration;
			buildSettings = {
				ALWAYS_SEARCH_USER_PATHS = NO;
				CLANG_ANALYZER_NONNULL = YES;
				CLANG_CXX_LANGUAGE_STANDARD = "gnu++0x";
				CLANG_CXX_LIBRARY = "libc++";
				CLANG_ENABLE_MODULES = YES;
				CLANG_ENABLE_OBJC_ARC = YES;
				CLANG_WARN_BOOL_CONVERSION = YES;
				CLANG_WARN_CONSTANT_CONVERSION = YES;
				CLANG_WARN_DIRECT_OBJC_ISA_USAGE = YES_ERROR;
				CLANG_WARN_DOCUMENTATION_COMMENTS = YES;
				CLANG_WARN_EMPTY_BODY = YES;
				CLANG_WARN_ENUM_CONVERSION = YES;
				CLANG_WARN_INFINITE_RECURSION = YES;
				CLANG_WARN_INT_CONVERSION = YES;
				CLANG_WARN_OBJC_ROOT_CLASS = YES_ERROR;
				CLANG_WARN_SUSPICIOUS_MOVES = YES;
				CLANG_WARN_UNREACHABLE_CODE = YES;
				CLANG_WARN__DUPLICATE_METHOD_MATCH = YES;
				"CODE_SIGN_IDENTITY[sdk=iphoneos*]" = "iPhone Developer";
				COPY_PHASE_STRIP = NO;
				DEBUG_INFORMATION_FORMAT = dwarf;
				ENABLE_STRICT_OBJC_MSGSEND = YES;
				ENABLE_TESTABILITY = YES;
				GCC_C_LANGUAGE_STANDARD = gnu99;
				GCC_DYNAMIC_NO_PIC = NO;
				GCC_NO_COMMON_BLOCKS = YES;
				GCC_OPTIMIZATION_LEVEL = 0;
				GCC_PREPROCESSOR_DEFINITIONS = (
					"DEBUG=1",
					"$(inherited)",
				);
				GCC_WARN_64_TO_32_BIT_CONVERSION = YES;
				GCC_WARN_ABOUT_RETURN_TYPE = YES_ERROR;
				GCC_WARN_UNDECLARED_SELECTOR = YES;
				GCC_WARN_UNINITIALIZED_AUTOS = YES_AGGRESSIVE;
				GCC_WARN_UNUSED_FUNCTION = YES;
				GCC_WARN_UNUSED_VARIABLE = YES;
				IPHONEOS_DEPLOYMENT_TARGET = 10.1;
				MTL_ENABLE_DEBUG_INFO = YES;
				ONLY_ACTIVE_ARCH = YES;
				SDKROOT = iphoneos;
				TARGETED_DEVICE_FAMILY = "1,2";
			};
			name = Debug;
		};
		8C509E9F1DB3605900A0BD21 /* Release */ = {
			isa = XCBuildConfiguration;
			buildSettings = {
				ALWAYS_SEARCH_USER_PATHS = NO;
				CLANG_ANALYZER_NONNULL = YES;
				CLANG_CXX_LANGUAGE_STANDARD = "gnu++0x";
				CLANG_CXX_LIBRARY = "libc++";
				CLANG_ENABLE_MODULES = YES;
				CLANG_ENABLE_OBJC_ARC = YES;
				CLANG_WARN_BOOL_CONVERSION = YES;
				CLANG_WARN_CONSTANT_CONVERSION = YES;
				CLANG_WARN_DIRECT_OBJC_ISA_USAGE = YES_ERROR;
				CLANG_WARN_DOCUMENTATION_COMMENTS = YES;
				CLANG_WARN_EMPTY_BODY = YES;
				CLANG_WARN_ENUM_CONVERSION = YES;
				CLANG_WARN_INFINITE_RECURSION = YES;
				CLANG_WARN_INT_CONVERSION = YES;
				CLANG_WARN_OBJC_ROOT_CLASS = YES_ERROR;
				CLANG_WARN_SUSPICIOUS_MOVES = YES;
				CLANG_WARN_UNREACHABLE_CODE = YES;
				CLANG_WARN__DUPLICATE_METHOD_MATCH = YES;
				"CODE_SIGN_IDENTITY[sdk=iphoneos*]" = "iPhone Developer";
				COPY_PHASE_STRIP = NO;
				DEBUG_INFORMATION_FORMAT = "dwarf-with-dsym";
				ENABLE_NS_ASSERTIONS = NO;
				ENABLE_STRICT_OBJC_MSGSEND = YES;
				GCC_C_LANGUAGE_STANDARD = gnu99;
				GCC_NO_COMMON_BLOCKS = YES;
				GCC_WARN_64_TO_32_BIT_CONVERSION = YES;
				GCC_WARN_ABOUT_RETURN_TYPE = YES_ERROR;
				GCC_WARN_UNDECLARED_SELECTOR = YES;
				GCC_WARN_UNINITIALIZED_AUTOS = YES_AGGRESSIVE;
				GCC_WARN_UNUSED_FUNCTION = YES;
				GCC_WARN_UNUSED_VARIABLE = YES;
				IPHONEOS_DEPLOYMENT_TARGET = 10.1;
				MTL_ENABLE_DEBUG_INFO = NO;
				SDKROOT = iphoneos;
				TARGETED_DEVICE_FAMILY = "1,2";
				VALIDATE_PRODUCT = YES;
			};
			name = Release;
		};
		8C509EA11DB3605900A0BD21 /* Debug */ = {
			isa = XCBuildConfiguration;
			buildSettings = {
				ASSETCATALOG_COMPILER_APPICON_NAME = AppIcon;
				INFOPLIST_FILE = "My Favorite Color/Info.plist";
				LD_RUNPATH_SEARCH_PATHS = "$(inherited) @executable_path/Frameworks";
				PRODUCT_BUNDLE_IDENTIFIER = "Green-IT.My-Favorite-Color";
				PRODUCT_NAME = "$(TARGET_NAME)";
			};
			name = Debug;
		};
		8C509EA21DB3605900A0BD21 /* Release */ = {
			isa = XCBuildConfiguration;
			buildSettings = {
				ASSETCATALOG_COMPILER_APPICON_NAME = AppIcon;
				INFOPLIST_FILE = "My Favorite Color/Info.plist";
				LD_RUNPATH_SEARCH_PATHS = "$(inherited) @executable_path/Frameworks";
				PRODUCT_BUNDLE_IDENTIFIER = "Green-IT.My-Favorite-Color";
				PRODUCT_NAME = "$(TARGET_NAME)";
			};
			name = Release;
		};
/* End XCBuildConfiguration section */

/* Begin XCConfigurationList section */
		8C509E841DB3605900A0BD21 /* Build configuration list for PBXProject "My Favorite Color" */ = {
			isa = XCConfigurationList;
			buildConfigurations = (
				8C509E9E1DB3605900A0BD21 /* Debug */,
				8C509E9F1DB3605900A0BD21 /* Release */,
			);
			defaultConfigurationIsVisible = 0;
			defaultConfigurationName = Release;
		};
		8C509EA01DB3605900A0BD21 /* Build configuration list for PBXNativeTarget "My Favorite Color" */ = {
			isa = XCConfigurationList;
			buildConfigurations = (
				8C509EA11DB3605900A0BD21 /* Debug */,
				8C509EA21DB3605900A0BD21 /* Release */,
			);
			defaultConfigurationIsVisible = 0;
			defaultConfigurationName = Release;
		};
/* End XCConfigurationList section */
	};
	rootObject = 8C509E811DB3605900A0BD21 /* Project object */;
}
